
Microsoft Visual Studio Solution File, Format Version 12.00
# Visual Studio 15
VisualStudioVersion = 15.0.27004.2009
MinimumVisualStudioVersion = 10.0.40219.1
Project("{FAE04EC0-301F-11D3-BF4B-00C04F79EFBC}") = "Fuzzer", "Fuzzer\Fuzzer.csproj", "{DE67A31D-98D1-4D23-A561-8B4FC604B687}"
EndProject
Global
	GlobalSection(SolutionConfigurationPlatforms) = preSolution
		Debug|Any CPU = Debug|Any CPU
		Release|Any CPU = Release|Any CPU
	EndGlobalSection
	GlobalSection(ProjectConfigurationPlatforms) = postSolution
		{DE67A31D-98D1-4D23-A561-8B4FC604B687}.Debug|Any CPU.ActiveCfg = Debug|Any CPU
		{DE67A31D-98D1-4D23-A561-8B4FC604B687}.Debug|Any CPU.Build.0 = Debug|Any CPU
		{DE67A31D-98D1-4D23-A561-8B4FC604B687}.Release|Any CPU.ActiveCfg = Release|Any CPU
		{DE67A31D-98D1-4D23-A561-8B4FC604B687}.Release|Any CPU.Build.0 = Release|Any CPU
	EndGlobalSection
	GlobalSection(SolutionProperties) = preSolution
		HideSolutionNode = FALSE
	EndGlobalSection
	GlobalSection(ExtensibilityGlobals) = postSolution
		SolutionGuid = {1976C6D9-854E-460C-AFE2-8955D26F89A2}
	EndGlobalSection
EndGlobal
